
Microsoft Visual Studio Solution File, Format Version 11.00
# Visual Studio 2010
Project("{E24C65DC-7377-472B-9ABA-BC803B73C61A}") = "huanwu", ".", "{A846451E-E844-4025-9A7D-4053DCE16A67}"
	ProjectSection(WebsiteProperties) = preProject
		TargetFrameworkMoniker = ".NETFramework,Version%3Dv2.0"
		Debug.AspNetCompiler.VirtualPath = "/换物网站"
		Debug.AspNetCompiler.PhysicalPath = "..\huanwu\"
		Debug.AspNetCompiler.TargetPath = "PrecompiledWeb\换物网站\"
		Debug.AspNetCompiler.Updateable = "true"
		Debug.AspNetCompiler.ForceOverwrite = "true"
		Debug.AspNetCompiler.FixedNames = "false"
		Debug.AspNetCompiler.Debug = "True"
		Release.AspNetCompiler.VirtualPath = "/换物网站"
		Release.AspNetCompiler.PhysicalPath = "..\huanwu\"
		Release.AspNetCompiler.TargetPath = "PrecompiledWeb\换物网站\"
		Release.AspNetCompiler.Updateable = "true"
		Release.AspNetCompiler.ForceOverwrite = "true"
		Release.AspNetCompiler.FixedNames = "false"
		Release.AspNetCompiler.Debug = "False"
		VWDPort = "32754"
		VWDVirtualPath = "/"
	EndProjectSection
EndProject
Global
	GlobalSection(SolutionConfigurationPlatforms) = preSolution
		Debug|.NET = Debug|.NET
	EndGlobalSection
	GlobalSection(ProjectConfigurationPlatforms) = postSolution
		{A846451E-E844-4025-9A7D-4053DCE16A67}.Debug|.NET.ActiveCfg = Debug|.NET
		{A846451E-E844-4025-9A7D-4053DCE16A67}.Debug|.NET.Build.0 = Debug|.NET
	EndGlobalSection
	GlobalSection(SolutionProperties) = preSolution
		HideSolutionNode = FALSE
	EndGlobalSection
EndGlobal
